
Microsoft Visual Studio Solution File, Format Version 12.00
# Visual Studio Version 17
VisualStudioVersion = 17.1.32421.90
MinimumVisualStudioVersion = 10.0.40219.1
Project("{FAE04EC0-301F-11D3-BF4B-00C04F79EFBC}") = "TicketApp", "TicketApp.csproj", "{2337C6A3-5754-4E14-8A45-9E21C78B9141}"
EndProject
Global
	GlobalSection(SolutionConfigurationPlatforms) = preSolution
		Debug|Any CPU = Debug|Any CPU
		Release|Any CPU = Release|Any CPU
	EndGlobalSection
	GlobalSection(ProjectConfigurationPlatforms) = postSolution
		{2337C6A3-5754-4E14-8A45-9E21C78B9141}.Debug|Any CPU.ActiveCfg = Debug|Any CPU
		{2337C6A3-5754-4E14-8A45-9E21C78B9141}.Debug|Any CPU.Build.0 = Debug|Any CPU
		{2337C6A3-5754-4E14-8A45-9E21C78B9141}.Release|Any CPU.ActiveCfg = Release|Any CPU
		{2337C6A3-5754-4E14-8A45-9E21C78B9141}.Release|Any CPU.Build.0 = Release|Any CPU
	EndGlobalSection
	GlobalSection(SolutionProperties) = preSolution
		HideSolutionNode = FALSE
	EndGlobalSection
	GlobalSection(ExtensibilityGlobals) = postSolution
		SolutionGuid = {0C277A61-1D4A-453A-A0C0-BBF723BDD285}
	EndGlobalSection
EndGlobal
